
Microsoft Visual Studio Solution File, Format Version 12.00
# Visual Studio Version 17
VisualStudioVersion = 17.14.37027.9
MinimumVisualStudioVersion = 10.0.40219.1
Project("{FAE04EC0-301F-11D3-BF4B-00C04F79EFBC}") = "DatabaseWebService", "DatabaseWebService.csproj", "{0C8CB7CC-2448-438B-9114-2AFABF742FFF}"
EndProject
Project("{FAE04EC0-301F-11D3-BF4B-00C04F79EFBC}") = "DatabaseWebClient", "..\Client\DatabaseWebClient.csproj", "{CD10E501-ED12-4594-B9B4-8FD23A2C8CBC}"
EndProject
Global
	GlobalSection(SolutionConfigurationPlatforms) = preSolution
		Debug|Any CPU = Debug|Any CPU
		Release|Any CPU = Release|Any CPU
	EndGlobalSection
	GlobalSection(ProjectConfigurationPlatforms) = postSolution
		{0C8CB7CC-2448-438B-9114-2AFABF742FFF}.Debug|Any CPU.ActiveCfg = Debug|Any CPU
		{0C8CB7CC-2448-438B-9114-2AFABF742FFF}.Debug|Any CPU.Build.0 = Debug|Any CPU
		{0C8CB7CC-2448-438B-9114-2AFABF742FFF}.Release|Any CPU.ActiveCfg = Release|Any CPU
		{0C8CB7CC-2448-438B-9114-2AFABF742FFF}.Release|Any CPU.Build.0 = Release|Any CPU
		{CD10E501-ED12-4594-B9B4-8FD23A2C8CBC}.Debug|Any CPU.ActiveCfg = Debug|Any CPU
		{CD10E501-ED12-4594-B9B4-8FD23A2C8CBC}.Debug|Any CPU.Build.0 = Debug|Any CPU
		{CD10E501-ED12-4594-B9B4-8FD23A2C8CBC}.Release|Any CPU.ActiveCfg = Release|Any CPU
		{CD10E501-ED12-4594-B9B4-8FD23A2C8CBC}.Release|Any CPU.Build.0 = Release|Any CPU
	EndGlobalSection
	GlobalSection(SolutionProperties) = preSolution
		HideSolutionNode = FALSE
	EndGlobalSection
	GlobalSection(ExtensibilityGlobals) = postSolution
		SolutionGuid = {CC9A170D-D5C7-42FF-9104-2B230D4A57AE}
	EndGlobalSection
EndGlobal
